// !$*UTF8*$!
{
	archiveVersion = 1;
	classes = {
	};
	objectVersion = 46;
	objects = {

/* Begin PBXBuildFile section */
		01C10A1019C80C8200FC7B04 /* main.m in Sources */ = {isa = PBXBuildFile; fileRef = 01C10A0F19C80C8200FC7B04 /* main.m */; };
		01C10A1319C80C8200FC7B04 /* AppDelegate.m in Sources */ = {isa = PBXBuildFile; fileRef = 01C10A1219C80C8200FC7B04 /* AppDelegate.m */; };
		01C10A1619C80C8300FC7B04 /* ViewController.m in Sources */ = {isa = PBXBuildFile; fileRef = 01C10A1519C80C8300FC7B04 /* ViewController.m */; };
		01C10A1919C80C8300FC7B04 /* Main.storyboard in Resources */ = {isa = PBXBuildFile; fileRef = 01C10A1719C80C8300FC7B04 /* Main.storyboard */; };
		01C10A1B19C80C8300FC7B04 /* Images.xcassets in Resources */ = {isa = PBXBuildFile; fileRef = 01C10A1A19C80C8300FC7B04 /* Images.xcassets */; };
		01C10A1E19C80C8300FC7B04 /* LaunchScreen.xib in Resources */ = {isa = PBXBuildFile; fileRef = 01C10A1C19C80C8300FC7B04 /* LaunchScreen.xib */; };
		01C10A2A19C80C8300FC7B04 /* AvassetTestTests.m in Sources */ = {isa = PBXBuildFile; fileRef = 01C10A2919C80C8300FC7B04 /* AvassetTestTests.m */; };
/* End PBXBuildFile section */

/* Begin PBXContainerItemProxy section */
		01C10A2419C80C8300FC7B04 /* PBXContainerItemProxy */ = {
			isa = PBXContainerItemProxy;
			containerPortal = 01C10A0219C80C8200FC7B04 /* Project object */;
			proxyType = 1;
			remoteGlobalIDString = 01C10A0919C80C8200FC7B04;
			remoteInfo = AvassetTest;
		};
/* End PBXContainerItemProxy section */

/* Begin PBXFileReference section */
		01C10A0A19C80C8200FC7B04 /* AvassetTest.app */ = {isa = PBXFileReference; explicitFileType = wrapper.application; includeInIndex = 0; path = AvassetTest.app; sourceTree = BUILT_PRODUCTS_DIR; };
		01C10A0E19C80C8200FC7B04 /* Info.plist */ = {isa = PBXFileReference; lastKnownFileType = text.plist.xml; path = Info.plist; sourceTree = "<group>"; };
		01C10A0F19C80C8200FC7B04 /* main.m */ = {isa = PBXFileReference; lastKnownFileType = sourcecode.c.objc; path = main.m; sourceTree = "<group>"; };
		01C10A1119C80C8200FC7B04 /* AppDelegate.h */ = {isa = PBXFileReference; lastKnownFileType = sourcecode.c.h; path = AppDelegate.h; sourceTree = "<group>"; };
		01C10A1219C80C8200FC7B04 /* AppDelegate.m */ = {isa = PBXFileReference; lastKnownFileType = sourcecode.c.objc; path = AppDelegate.m; sourceTree = "<group>"; };
		01C10A1419C80C8200FC7B04 /* ViewController.h */ = {isa = PBXFileReference; lastKnownFileType = sourcecode.c.h; path = ViewController.h; sourceTree = "<group>"; };
		01C10A1519C80C8300FC7B04 /* ViewController.m */ = {isa = PBXFileReference; lastKnownFileType = sourcecode.c.objc; path = ViewController.m; sourceTree = "<group>"; };
		01C10A1819C80C8300FC7B04 /* Base */ = {isa = PBXFileReference; lastKnownFileType = file.storyboard; name = Base; path = Base.lproj/Main.storyboard; sourceTree = "<group>"; };
		01C10A1A19C80C8300FC7B04 /* Images.xcassets */ = {isa = PBXFileReference; lastKnownFileType = folder.assetcatalog; path = Images.xcassets; sourceTree = "<group>"; };
		01C10A1D19C80C8300FC7B04 /* Base */ = {isa = PBXFileReference; lastKnownFileType = file.xib; name = Base; path = Base.lproj/LaunchScreen.xib; sourceTree = "<group>"; };
		01C10A2319C80C8300FC7B04 /* AvassetTestTests.xctest */ = {isa = PBXFileReference; explicitFileType = wrapper.cfbundle; includeInIndex = 0; path = AvassetTestTests.xctest; sourceTree = BUILT_PRODUCTS_DIR; };
		01C10A2819C80C8300FC7B04 /* Info.plist */ = {isa = PBXFileReference; lastKnownFileType = text.plist.xml; path = Info.plist; sourceTree = "<group>"; };
		01C10A2919C80C8300FC7B04 /* AvassetTestTests.m */ = {isa = PBXFileReference; lastKnownFileType = sourcecode.c.objc; path = AvassetTestTests.m; sourceTree = "<group>"; };
/* End PBXFileReference section */

/* Begin PBXFrameworksBuildPhase section */
		01C10A0719C80C8200FC7B04 /* Frameworks */ = {
			isa = PBXFrameworksBuildPhase;
			buildActionMask = 2147483647;
			files = (
			);
			runOnlyForDeploymentPostprocessing = 0;
		};
		01C10A2019C80C8300FC7B04 /* Frameworks */ = {
			isa = PBXFrameworksBuildPhase;
			buildActionMask = 2147483647;
			files = (
			);
			runOnlyForDeploymentPostprocessing = 0;
		};
/* End PBXFrameworksBuildPhase section */

/* Begin PBXGroup section */
		01C10A0119C80C8200FC7B04 = {
			isa = PBXGroup;
			children = (
				01C10A0C19C80C8200FC7B04 /* AvassetTest */,
				01C10A2619C80C8300FC7B04 /* AvassetTestTests */,
				01C10A0B19C80C8200FC7B04 /* Products */,
			);
			sourceTree = "<group>";
		};
		01C10A0B19C80C8200FC7B04 /* Products */ = {
			isa = PBXGroup;
			children = (
				01C10A0A19C80C8200FC7B04 /* AvassetTest.app */,
				01C10A2319C80C8300FC7B04 /* AvassetTestTests.xctest */,
			);
			name = Products;
			sourceTree = "<group>";
		};
		01C10A0C19C80C8200FC7B04 /* AvassetTest */ = {
			isa = PBXGroup;
			children = (
				01C10A1119C80C8200FC7B04 /* AppDelegate.h */,
				01C10A1219C80C8200FC7B04 /* AppDelegate.m */,
				01C10A1419C80C8200FC7B04 /* ViewController.h */,
				01C10A1519C80C8300FC7B04 /* ViewController.m */,
				01C10A1719C80C8300FC7B04 /* Main.storyboard */,
				01C10A1A19C80C8300FC7B04 /* Images.xcassets */,
				01C10A1C19C80C8300FC7B04 /* LaunchScreen.xib */,
				01C10A0D19C80C8200FC7B04 /* Supporting Files */,
			);
			path = AvassetTest;
			sourceTree = "<group>";
		};
		01C10A0D19C80C8200FC7B04 /* Supporting Files */ = {
			isa = PBXGroup;
			children = (
				01C10A0E19C80C8200FC7B04 /* Info.plist */,
				01C10A0F19C80C8200FC7B04 /* main.m */,
			);
			name = "Supporting Files";
			sourceTree = "<group>";
		};
		01C10A2619C80C8300FC7B04 /* AvassetTestTests */ = {
			isa = PBXGroup;
			children = (
				01C10A2919C80C8300FC7B04 /* AvassetTestTests.m */,
				01C10A2719C80C8300FC7B04 /* Supporting Files */,
			);
			path = AvassetTestTests;
			sourceTree = "<group>";
		};
		01C10A2719C80C8300FC7B04 /* Supporting Files */ = {
			isa = PBXGroup;
			children = (
				01C10A2819C80C8300FC7B04 /* Info.plist */,
			);
			name = "Supporting Files";
			sourceTree = "<group>";
		};
/* End PBXGroup section */

/* Begin PBXNativeTarget section */
		01C10A0919C80C8200FC7B04 /* AvassetTest */ = {
			isa = PBXNativeTarget;
			buildConfigurationList = 01C10A2D19C80C8300FC7B04 /* Build configuration list for PBXNativeTarget "AvassetTest" */;
			buildPhases = (
				01C10A0619C80C8200FC7B04 /* Sources */,
				01C10A0719C80C8200FC7B04 /* Frameworks */,
				01C10A0819C80C8200FC7B04 /* Resources */,
			);
			buildRules = (
			);
			dependencies = (
			);
			name = AvassetTest;
			productName = AvassetTest;
			productReference = 01C10A0A19C80C8200FC7B04 /* AvassetTest.app */;
			productType = "com.apple.product-type.application";
		};
		01C10A2219C80C8300FC7B04 /* AvassetTestTests */ = {
			isa = PBXNativeTarget;
			buildConfigurationList = 01C10A3019C80C8300FC7B04 /* Build configuration list for PBXNativeTarget "AvassetTestTests" */;
			buildPhases = (
				01C10A1F19C80C8300FC7B04 /* Sources */,
				01C10A2019C80C8300FC7B04 /* Frameworks */,
				01C10A2119C80C8300FC7B04 /* Resources */,
			);
			buildRules = (
			);
			dependencies = (
				01C10A2519C80C8300FC7B04 /* PBXTargetDependency */,
			);
			name = AvassetTestTests;
			productName = AvassetTestTests;
			productReference = 01C10A2319C80C8300FC7B04 /* AvassetTestTests.xctest */;
			productType = "com.apple.product-type.bundle.unit-test";
		};
/* End PBXNativeTarget section */

/* Begin PBXProject section */
		01C10A0219C80C8200FC7B04 /* Project object */ = {
			isa = PBXProject;
			attributes = {
				LastUpgradeCheck = 0600;
				ORGANIZATIONNAME = boloomo;
				TargetAttributes = {
					01C10A0919C80C8200FC7B04 = {
						CreatedOnToolsVersion = 6.0;
					};
					01C10A2219C80C8300FC7B04 = {
						CreatedOnToolsVersion = 6.0;
						TestTargetID = 01C10A0919C80C8200FC7B04;
					};
				};
			};
			buildConfigurationList = 01C10A0519C80C8200FC7B04 /* Build configuration list for PBXProject "AvassetTest" */;
			compatibilityVersion = "Xcode 3.2";
			developmentRegion = English;
			hasScannedForEncodings = 0;
			knownRegions = (
				en,
				Base,
			);
			mainGroup = 01C10A0119C80C8200FC7B04;
			productRefGroup = 01C10A0B19C80C8200FC7B04 /* Products */;
			projectDirPath = "";
			projectRoot = "";
			targets = (
				01C10A0919C80C8200FC7B04 /* AvassetTest */,
				01C10A2219C80C8300FC7B04 /* AvassetTestTests */,
			);
		};
/* End PBXProject section */

/* Begin PBXResourcesBuildPhase section */
		01C10A0819C80C8200FC7B04 /* Resources */ = {
			isa = PBXResourcesBuildPhase;
			buildActionMask = 2147483647;
			files = (
				01C10A1919C80C8300FC7B04 /* Main.storyboard in Resources */,
				01C10A1E19C80C8300FC7B04 /* LaunchScreen.xib in Resources */,
				01C10A1B19C80C8300FC7B04 /* Images.xcassets in Resources */,
			);
			runOnlyForDeploymentPostprocessing = 0;
		};
		01C10A2119C80C8300FC7B04 /* Resources */ = {
			isa = PBXResourcesBuildPhase;
			buildActionMask = 2147483647;
			files = (
			);
			runOnlyForDeploymentPostprocessing = 0;
		};
/* End PBXResourcesBuildPhase section */

/* Begin PBXSourcesBuildPhase section */
		01C10A0619C80C8200FC7B04 /* Sources */ = {
			isa = PBXSourcesBuildPhase;
			buildActionMask = 2147483647;
			files = (
				01C10A1619C80C8300FC7B04 /* ViewController.m in Sources */,
				01C10A1319C80C8200FC7B04 /* AppDelegate.m in Sources */,
				01C10A1019C80C8200FC7B04 /* main.m in Sources */,
			);
			runOnlyForDeploymentPostprocessing = 0;
		};
		01C10A1F19C80C8300FC7B04 /* Sources */ = {
			isa = PBXSourcesBuildPhase;
			buildActionMask = 2147483647;
			files = (
				01C10A2A19C80C8300FC7B04 /* AvassetTestTests.m in Sources */,
			);
			runOnlyForDeploymentPostprocessing = 0;
		};
/* End PBXSourcesBuildPhase section */

/* Begin PBXTargetDependency section */
		01C10A2519C80C8300FC7B04 /* PBXTargetDependency */ = {
			isa = PBXTargetDependency;
			target = 01C10A0919C80C8200FC7B04 /* AvassetTest */;
			targetProxy = 01C10A2419C80C8300FC7B04 /* PBXContainerItemProxy */;
		};
/* End PBXTargetDependency section */

/* Begin PBXVariantGroup section */
		01C10A1719C80C8300FC7B04 /* Main.storyboard */ = {
			isa = PBXVariantGroup;
			children = (
				01C10A1819C80C8300FC7B04 /* Base */,
			);
			name = Main.storyboard;
			sourceTree = "<group>";
		};
		01C10A1C19C80C8300FC7B04 /* LaunchScreen.xib */ = {
			isa = PBXVariantGroup;
			children = (
				01C10A1D19C80C8300FC7B04 /* Base */,
			);
			name = LaunchScreen.xib;
			sourceTree = "<group>";
		};
/* End PBXVariantGroup section */

/* Begin XCBuildConfiguration section */
		01C10A2B19C80C8300FC7B04 /* Debug */ = {
			isa = XCBuildConfiguration;
			buildSettings = {
				ALWAYS_SEARCH_USER_PATHS = NO;
				CLANG_CXX_LANGUAGE_STANDARD = "gnu++0x";
				CLANG_CXX_LIBRARY = "libc++";
				CLANG_ENABLE_MODULES = YES;
				CLANG_ENABLE_OBJC_ARC = YES;
				CLANG_WARN_BOOL_CONVERSION = YES;
				CLANG_WARN_CONSTANT_CONVERSION = YES;
				CLANG_WARN_DIRECT_OBJC_ISA_USAGE = YES_ERROR;
				CLANG_WARN_EMPTY_BODY = YES;
				CLANG_WARN_ENUM_CONVERSION = YES;
				CLANG_WARN_INT_CONVERSION = YES;
				CLANG_WARN_OBJC_ROOT_CLASS = YES_ERROR;
				CLANG_WARN_UNREACHABLE_CODE = YES;
				CLANG_WARN__DUPLICATE_METHOD_MATCH = YES;
				"CODE_SIGN_IDENTITY[sdk=iphoneos*]" = "iPhone Developer";
				COPY_PHASE_STRIP = NO;
				ENABLE_STRICT_OBJC_MSGSEND = YES;
				GCC_C_LANGUAGE_STANDARD = gnu99;
				GCC_DYNAMIC_NO_PIC = NO;
				GCC_OPTIMIZATION_LEVEL = 0;
				GCC_PREPROCESSOR_DEFINITIONS = (
					"DEBUG=1",
					"$(inherited)",
				);
				GCC_SYMBOLS_PRIVATE_EXTERN = NO;
				GCC_WARN_64_TO_32_BIT_CONVERSION = YES;
				GCC_WARN_ABOUT_RETURN_TYPE = YES_ERROR;
				GCC_WARN_UNDECLARED_SELECTOR = YES;
				GCC_WARN_UNINITIALIZED_AUTOS = YES_AGGRESSIVE;
				GCC_WARN_UNUSED_FUNCTION = YES;
				GCC_WARN_UNUSED_VARIABLE = YES;
				IPHONEOS_DEPLOYMENT_TARGET = 8.0;
				MTL_ENABLE_DEBUG_INFO = YES;
				ONLY_ACTIVE_ARCH = YES;
				SDKROOT = iphoneos;
			};
			name = Debug;
		};
		01C10A2C19C80C8300FC7B04 /* Release */ = {
			isa = XCBuildConfiguration;
			buildSettings = {
				ALWAYS_SEARCH_USER_PATHS = NO;
				CLANG_CXX_LANGUAGE_STANDARD = "gnu++0x";
				CLANG_CXX_LIBRARY = "libc++";
				CLANG_ENABLE_MODULES = YES;
				CLANG_ENABLE_OBJC_ARC = YES;
				CLANG_WARN_BOOL_CONVERSION = YES;
				CLANG_WARN_CONSTANT_CONVERSION = YES;
				CLANG_WARN_DIRECT_OBJC_ISA_USAGE = YES_ERROR;
				CLANG_WARN_EMPTY_BODY = YES;
				CLANG_WARN_ENUM_CONVERSION = YES;
				CLANG_WARN_INT_CONVERSION = YES;
				CLANG_WARN_OBJC_ROOT_CLASS = YES_ERROR;
				CLANG_WARN_UNREACHABLE_CODE = YES;
				CLANG_WARN__DUPLICATE_METHOD_MATCH = YES;
				"CODE_SIGN_IDENTITY[sdk=iphoneos*]" = "iPhone Developer";
				COPY_PHASE_STRIP = YES;
				ENABLE_NS_ASSERTIONS = NO;
				ENABLE_STRICT_OBJC_MSGSEND = YES;
				GCC_C_LANGUAGE_STANDARD = gnu99;
				GCC_WARN_64_TO_32_BIT_CONVERSION = YES;
				GCC_WARN_ABOUT_RETURN_TYPE = YES_ERROR;
				GCC_WARN_UNDECLARED_SELECTOR = YES;
				GCC_WARN_UNINITIALIZED_AUTOS = YES_AGGRESSIVE;
				GCC_WARN_UNUSED_FUNCTION = YES;
				GCC_WARN_UNUSED_VARIABLE = YES;
				IPHONEOS_DEPLOYMENT_TARGET = 8.0;
				MTL_ENABLE_DEBUG_INFO = NO;
				SDKROOT = iphoneos;
				VALIDATE_PRODUCT = YES;
			};
			name = Release;
		};
		01C10A2E19C80C8300FC7B04 /* Debug */ = {
			isa = XCBuildConfiguration;
			buildSettings = {
				ASSETCATALOG_COMPILER_APPICON_NAME = AppIcon;
				INFOPLIST_FILE = AvassetTest/Info.plist;
				LD_RUNPATH_SEARCH_PATHS = "$(inherited) @executable_path/Frameworks";
				PRODUCT_NAME = "$(TARGET_NAME)";
			};
			name = Debug;
		};
		01C10A2F19C80C8300FC7B04 /* Release */ = {
			isa = XCBuildConfiguration;
			buildSettings = {
				ASSETCATALOG_COMPILER_APPICON_NAME = AppIcon;
				INFOPLIST_FILE = AvassetTest/Info.plist;
				LD_RUNPATH_SEARCH_PATHS = "$(inherited) @executable_path/Frameworks";
				PRODUCT_NAME = "$(TARGET_NAME)";
			};
			name = Release;
		};
		01C10A3119C80C8300FC7B04 /* Debug */ = {
			isa = XCBuildConfiguration;
			buildSettings = {
				BUNDLE_LOADER = "$(TEST_HOST)";
				FRAMEWORK_SEARCH_PATHS = (
					"$(SDKROOT)/Developer/Library/Frameworks",
					"$(inherited)",
				);
				GCC_PREPROCESSOR_DEFINITIONS = (
					"DEBUG=1",
					"$(inherited)",
				);
				INFOPLIST_FILE = AvassetTestTests/Info.plist;
				LD_RUNPATH_SEARCH_PATHS = "$(inherited) @executable_path/Frameworks @loader_path/Frameworks";
				PRODUCT_NAME = "$(TARGET_NAME)";
				TEST_HOST = "$(BUILT_PRODUCTS_DIR)/AvassetTest.app/AvassetTest";
			};
			name = Debug;
		};
		01C10A3219C80C8300FC7B04 /* Release */ = {
			isa = XCBuildConfiguration;
			buildSettings = {
				BUNDLE_LOADER = "$(TEST_HOST)";
				FRAMEWORK_SEARCH_PATHS = (
					"$(SDKROOT)/Developer/Library/Frameworks",
					"$(inherited)",
				);
				INFOPLIST_FILE = AvassetTestTests/Info.plist;
				LD_RUNPATH_SEARCH_PATHS = "$(inherited) @executable_path/Frameworks @loader_path/Frameworks";
				PRODUCT_NAME = "$(TARGET_NAME)";
				TEST_HOST = "$(BUILT_PRODUCTS_DIR)/AvassetTest.app/AvassetTest";
			};
			name = Release;
		};
/* End XCBuildConfiguration section */

/* Begin XCConfigurationList section */
		01C10A0519C80C8200FC7B04 /* Build configuration list for PBXProject "AvassetTest" */ = {
			isa = XCConfigurationList;
			buildConfigurations = (
				01C10A2B19C80C8300FC7B04 /* Debug */,
				01C10A2C19C80C8300FC7B04 /* Release */,
			);
			defaultConfigurationIsVisible = 0;
			defaultConfigurationName = Release;
		};
		01C10A2D19C80C8300FC7B04 /* Build configuration list for PBXNativeTarget "AvassetTest" */ = {
			isa = XCConfigurationList;
			buildConfigurations = (
				01C10A2E19C80C8300FC7B04 /* Debug */,
				01C10A2F19C80C8300FC7B04 /* Release */,
			);
			defaultConfigurationIsVisible = 0;
		};
		01C10A3019C80C8300FC7B04 /* Build configuration list for PBXNativeTarget "AvassetTestTests" */ = {
			isa = XCConfigurationList;
			buildConfigurations = (
				01C10A3119C80C8300FC7B04 /* Debug */,
				01C10A3219C80C8300FC7B04 /* Release */,
			);
			defaultConfigurationIsVisible = 0;
		};
/* End XCConfigurationList section */
	};
	rootObject = 01C10A0219C80C8200FC7B04 /* Project object */;
}
